
Microsoft Visual Studio Solution File, Format Version 12.00
# Visual Studio Version 17
VisualStudioVersion = 17.1.32407.343
MinimumVisualStudioVersion = 10.0.40219.1
Project("{FAE04EC0-301F-11D3-BF4B-00C04F79EFBC}") = "FabricsShop", "FabricsShop\FabricsShop.csproj", "{8DF2682B-1561-43D0-BD51-0C0A04D017D6}"
EndProject
Global
	GlobalSection(SolutionConfigurationPlatforms) = preSolution
		Debug|Any CPU = Debug|Any CPU
		Release|Any CPU = Release|Any CPU
	EndGlobalSection
	GlobalSection(ProjectConfigurationPlatforms) = postSolution
		{8DF2682B-1561-43D0-BD51-0C0A04D017D6}.Debug|Any CPU.ActiveCfg = Debug|Any CPU
		{8DF2682B-1561-43D0-BD51-0C0A04D017D6}.Debug|Any CPU.Build.0 = Debug|Any CPU
		{8DF2682B-1561-43D0-BD51-0C0A04D017D6}.Release|Any CPU.ActiveCfg = Release|Any CPU
		{8DF2682B-1561-43D0-BD51-0C0A04D017D6}.Release|Any CPU.Build.0 = Release|Any CPU
	EndGlobalSection
	GlobalSection(SolutionProperties) = preSolution
		HideSolutionNode = FALSE
	EndGlobalSection
	GlobalSection(ExtensibilityGlobals) = postSolution
		SolutionGuid = {C15105BB-6B97-4A56-BF96-9759D8B99A0B}
	EndGlobalSection
EndGlobal
